// !$*UTF8*$!
{
	archiveVersion = 1;
	classes = {
	};
	objectVersion = 51;
	objects = {

/* Begin PBXBuildFile section */
		6106690726CEBEC100F0E6F1 /* swiftgen.yml in Resources */ = {isa = PBXBuildFile; fileRef = 6106690626CEBEC100F0E6F1 /* swiftgen.yml */; };
		613B0A2226CDA75900451BA2 /* LoginViewController.swift in Sources */ = {isa = PBXBuildFile; fileRef = 613B0A2126CDA75900451BA2 /* LoginViewController.swift */; };
		613B0A2426CDADC400451BA2 /* LoginFactory.swift in Sources */ = {isa = PBXBuildFile; fileRef = 613B0A2326CDADC400451BA2 /* LoginFactory.swift */; };
		613B0A2626CDF9B100451BA2 /* SwiftGenUtils.swift in Sources */ = {isa = PBXBuildFile; fileRef = 613B0A2526CDF9B100451BA2 /* SwiftGenUtils.swift */; };
		6155E5F926CC139300078289 /* AppDelegate.swift in Sources */ = {isa = PBXBuildFile; fileRef = 6155E5F826CC139300078289 /* AppDelegate.swift */; };
		6155E60226CC139400078289 /* Assets.xcassets in Resources */ = {isa = PBXBuildFile; fileRef = 6155E60126CC139400078289 /* Assets.xcassets */; };
		6155E60526CC139400078289 /* LaunchScreen.storyboard in Resources */ = {isa = PBXBuildFile; fileRef = 6155E60326CC139400078289 /* LaunchScreen.storyboard */; };
		6155E61026CC139400078289 /* uMovieTests.swift in Sources */ = {isa = PBXBuildFile; fileRef = 6155E60F26CC139400078289 /* uMovieTests.swift */; };
		6187232626CD782000BE2EA3 /* LoginView.swift in Sources */ = {isa = PBXBuildFile; fileRef = 6187232526CD782000BE2EA3 /* LoginView.swift */; };
		6194955026CE08AD00FA7A2D /* UIColorExtension.swift in Sources */ = {isa = PBXBuildFile; fileRef = 6194954F26CE08AD00FA7A2D /* UIColorExtension.swift */; };
		61C15EC726CEC46E00162D38 /* Assets.swift in Sources */ = {isa = PBXBuildFile; fileRef = 61C15EC626CEC46E00162D38 /* Assets.swift */; };
		61C15EC926CEC65B00162D38 /* Colors.xcassets in Resources */ = {isa = PBXBuildFile; fileRef = 61C15EC826CEC65B00162D38 /* Colors.xcassets */; };
		DD497C3107091B3B06071D67 /* Pods_uMovie.framework in Frameworks */ = {isa = PBXBuildFile; fileRef = 9E636327A7618528BEDEE861 /* Pods_uMovie.framework */; };
		E860CCF66FC7C222F53C16E9 /* Pods_uMovieTests.framework in Frameworks */ = {isa = PBXBuildFile; fileRef = C29AA45A2448B676B8218B91 /* Pods_uMovieTests.framework */; };
/* End PBXBuildFile section */

/* Begin PBXContainerItemProxy section */
		6155E60C26CC139400078289 /* PBXContainerItemProxy */ = {
			isa = PBXContainerItemProxy;
			containerPortal = 6155E5ED26CC139300078289 /* Project object */;
			proxyType = 1;
			remoteGlobalIDString = 6155E5F426CC139300078289;
			remoteInfo = uMovie;
		};
/* End PBXContainerItemProxy section */

/* Begin PBXFileReference section */
		377A21C533868BC78094D19D /* Pods-uMovie.debug.xcconfig */ = {isa = PBXFileReference; includeInIndex = 1; lastKnownFileType = text.xcconfig; name = "Pods-uMovie.debug.xcconfig"; path = "Target Support Files/Pods-uMovie/Pods-uMovie.debug.xcconfig"; sourceTree = "<group>"; };
		6106690626CEBEC100F0E6F1 /* swiftgen.yml */ = {isa = PBXFileReference; fileEncoding = 4; lastKnownFileType = text.yaml; path = swiftgen.yml; sourceTree = "<group>"; };
		613B0A2126CDA75900451BA2 /* LoginViewController.swift */ = {isa = PBXFileReference; lastKnownFileType = sourcecode.swift; path = LoginViewController.swift; sourceTree = "<group>"; };
		613B0A2326CDADC400451BA2 /* LoginFactory.swift */ = {isa = PBXFileReference; lastKnownFileType = sourcecode.swift; path = LoginFactory.swift; sourceTree = "<group>"; };
		613B0A2526CDF9B100451BA2 /* SwiftGenUtils.swift */ = {isa = PBXFileReference; lastKnownFileType = sourcecode.swift; path = SwiftGenUtils.swift; sourceTree = "<group>"; };
		6155E5F526CC139300078289 /* uMovie.app */ = {isa = PBXFileReference; explicitFileType = wrapper.application; includeInIndex = 0; path = uMovie.app; sourceTree = BUILT_PRODUCTS_DIR; };
		6155E5F826CC139300078289 /* AppDelegate.swift */ = {isa = PBXFileReference; lastKnownFileType = sourcecode.swift; path = AppDelegate.swift; sourceTree = "<group>"; };
		6155E60126CC139400078289 /* Assets.xcassets */ = {isa = PBXFileReference; lastKnownFileType = folder.assetcatalog; path = Assets.xcassets; sourceTree = "<group>"; };
		6155E60426CC139400078289 /* Base */ = {isa = PBXFileReference; lastKnownFileType = file.storyboard; name = Base; path = Base.lproj/LaunchScreen.storyboard; sourceTree = "<group>"; };
		6155E60626CC139400078289 /* Info.plist */ = {isa = PBXFileReference; lastKnownFileType = text.plist.xml; path = Info.plist; sourceTree = "<group>"; };
		6155E60B26CC139400078289 /* uMovieTests.xctest */ = {isa = PBXFileReference; explicitFileType = wrapper.cfbundle; includeInIndex = 0; path = uMovieTests.xctest; sourceTree = BUILT_PRODUCTS_DIR; };
		6155E60F26CC139400078289 /* uMovieTests.swift */ = {isa = PBXFileReference; lastKnownFileType = sourcecode.swift; path = uMovieTests.swift; sourceTree = "<group>"; };
		6155E61126CC139400078289 /* Info.plist */ = {isa = PBXFileReference; lastKnownFileType = text.plist.xml; path = Info.plist; sourceTree = "<group>"; };
		6187232526CD782000BE2EA3 /* LoginView.swift */ = {isa = PBXFileReference; lastKnownFileType = sourcecode.swift; path = LoginView.swift; sourceTree = "<group>"; };
		6194954F26CE08AD00FA7A2D /* UIColorExtension.swift */ = {isa = PBXFileReference; lastKnownFileType = sourcecode.swift; path = UIColorExtension.swift; sourceTree = "<group>"; };
		61C15EC626CEC46E00162D38 /* Assets.swift */ = {isa = PBXFileReference; fileEncoding = 4; lastKnownFileType = sourcecode.swift; path = Assets.swift; sourceTree = "<group>"; };
		61C15EC826CEC65B00162D38 /* Colors.xcassets */ = {isa = PBXFileReference; lastKnownFileType = folder.assetcatalog; path = Colors.xcassets; sourceTree = "<group>"; };
		87E50DA0AD8FF654ECEC9104 /* Pods-uMovieTests.debug.xcconfig */ = {isa = PBXFileReference; includeInIndex = 1; lastKnownFileType = text.xcconfig; name = "Pods-uMovieTests.debug.xcconfig"; path = "Target Support Files/Pods-uMovieTests/Pods-uMovieTests.debug.xcconfig"; sourceTree = "<group>"; };
		9E636327A7618528BEDEE861 /* Pods_uMovie.framework */ = {isa = PBXFileReference; explicitFileType = wrapper.framework; includeInIndex = 0; path = Pods_uMovie.framework; sourceTree = BUILT_PRODUCTS_DIR; };
		A3848F22310F281EAB021FC7 /* Pods-uMovie.release.xcconfig */ = {isa = PBXFileReference; includeInIndex = 1; lastKnownFileType = text.xcconfig; name = "Pods-uMovie.release.xcconfig"; path = "Target Support Files/Pods-uMovie/Pods-uMovie.release.xcconfig"; sourceTree = "<group>"; };
		C29AA45A2448B676B8218B91 /* Pods_uMovieTests.framework */ = {isa = PBXFileReference; explicitFileType = wrapper.framework; includeInIndex = 0; path = Pods_uMovieTests.framework; sourceTree = BUILT_PRODUCTS_DIR; };
		D57F33D00FAA4995D9C7E9DF /* Pods-uMovieTests.release.xcconfig */ = {isa = PBXFileReference; includeInIndex = 1; lastKnownFileType = text.xcconfig; name = "Pods-uMovieTests.release.xcconfig"; path = "Target Support Files/Pods-uMovieTests/Pods-uMovieTests.release.xcconfig"; sourceTree = "<group>"; };
/* End PBXFileReference section */

/* Begin PBXFrameworksBuildPhase section */
		6155E5F226CC139300078289 /* Frameworks */ = {
			isa = PBXFrameworksBuildPhase;
			buildActionMask = 2147483647;
			files = (
				DD497C3107091B3B06071D67 /* Pods_uMovie.framework in Frameworks */,
			);
			runOnlyForDeploymentPostprocessing = 0;
		};
		6155E60826CC139400078289 /* Frameworks */ = {
			isa = PBXFrameworksBuildPhase;
			buildActionMask = 2147483647;
			files = (
				E860CCF66FC7C222F53C16E9 /* Pods_uMovieTests.framework in Frameworks */,
			);
			runOnlyForDeploymentPostprocessing = 0;
		};
/* End PBXFrameworksBuildPhase section */

/* Begin PBXGroup section */
		6106690826CEC3C200F0E6F1 /* Generated */ = {
			isa = PBXGroup;
			children = (
				61C15EC626CEC46E00162D38 /* Assets.swift */,
			);
			path = Generated;
			sourceTree = "<group>";
		};
		610DED6026CC6C9400FE9016 /* Sources */ = {
			isa = PBXGroup;
			children = (
				6155E5F826CC139300078289 /* AppDelegate.swift */,
				6187232726CD9AC900BE2EA3 /* Shared */,
				61F8D34D26CC6F2100DF04A2 /* Modules */,
			);
			path = Sources;
			sourceTree = "<group>";
		};
		610DED6226CC6CBB00FE9016 /* Resources */ = {
			isa = PBXGroup;
			children = (
				6155E60126CC139400078289 /* Assets.xcassets */,
				61C15EC826CEC65B00162D38 /* Colors.xcassets */,
				6155E60326CC139400078289 /* LaunchScreen.storyboard */,
				610DED6326CC6D8900FE9016 /* SupportingFiles */,
			);
			path = Resources;
			sourceTree = "<group>";
		};
		610DED6326CC6D8900FE9016 /* SupportingFiles */ = {
			isa = PBXGroup;
			children = (
				6155E60626CC139400078289 /* Info.plist */,
			);
			path = SupportingFiles;
			sourceTree = "<group>";
		};
		6155E5EC26CC139300078289 = {
			isa = PBXGroup;
			children = (
				6106690626CEBEC100F0E6F1 /* swiftgen.yml */,
				6155E5F726CC139300078289 /* uMovie */,
				6155E60E26CC139400078289 /* uMovieTests */,
				6155E5F626CC139300078289 /* Products */,
				AD4364864A2D1A1477AA1556 /* Pods */,
				9D05F2202DD07546E53C643B /* Frameworks */,
			);
			sourceTree = "<group>";
		};
		6155E5F626CC139300078289 /* Products */ = {
			isa = PBXGroup;
			children = (
				6155E5F526CC139300078289 /* uMovie.app */,
				6155E60B26CC139400078289 /* uMovieTests.xctest */,
			);
			name = Products;
			sourceTree = "<group>";
		};
		6155E5F726CC139300078289 /* uMovie */ = {
			isa = PBXGroup;
			children = (
				610DED6226CC6CBB00FE9016 /* Resources */,
				610DED6026CC6C9400FE9016 /* Sources */,
			);
			path = uMovie;
			sourceTree = "<group>";
		};
		6155E60E26CC139400078289 /* uMovieTests */ = {
			isa = PBXGroup;
			children = (
				6155E61126CC139400078289 /* Info.plist */,
				61F8D34F26CC6F6500DF04A2 /* Sources */,
			);
			path = uMovieTests;
			sourceTree = "<group>";
		};
		6187232426CD778800BE2EA3 /* View */ = {
			isa = PBXGroup;
			children = (
				6187232526CD782000BE2EA3 /* LoginView.swift */,
			);
			path = View;
			sourceTree = "<group>";
		};
		6187232726CD9AC900BE2EA3 /* Shared */ = {
			isa = PBXGroup;
			children = (
				6106690826CEC3C200F0E6F1 /* Generated */,
				6194954E26CE089D00FA7A2D /* Extensions */,
				6187232826CD9AD300BE2EA3 /* Utils */,
			);
			path = Shared;
			sourceTree = "<group>";
		};
		6187232826CD9AD300BE2EA3 /* Utils */ = {
			isa = PBXGroup;
			children = (
				613B0A2526CDF9B100451BA2 /* SwiftGenUtils.swift */,
			);
			path = Utils;
			sourceTree = "<group>";
		};
		6194954E26CE089D00FA7A2D /* Extensions */ = {
			isa = PBXGroup;
			children = (
				6194954F26CE08AD00FA7A2D /* UIColorExtension.swift */,
			);
			path = Extensions;
			sourceTree = "<group>";
		};
		61F8D34D26CC6F2100DF04A2 /* Modules */ = {
			isa = PBXGroup;
			children = (
				61F8D34E26CC6F2600DF04A2 /* LoginScene */,
			);
			path = Modules;
			sourceTree = "<group>";
		};
		61F8D34E26CC6F2600DF04A2 /* LoginScene */ = {
			isa = PBXGroup;
			children = (
				6187232426CD778800BE2EA3 /* View */,
				613B0A2126CDA75900451BA2 /* LoginViewController.swift */,
				613B0A2326CDADC400451BA2 /* LoginFactory.swift */,
			);
			path = LoginScene;
			sourceTree = "<group>";
		};
		61F8D34F26CC6F6500DF04A2 /* Sources */ = {
			isa = PBXGroup;
			children = (
				61F8D35026CC6FC400DF04A2 /* Modules */,
			);
			path = Sources;
			sourceTree = "<group>";
		};
		61F8D35026CC6FC400DF04A2 /* Modules */ = {
			isa = PBXGroup;
			children = (
				61F8D35126CC6FCA00DF04A2 /* Login */,
			);
			path = Modules;
			sourceTree = "<group>";
		};
		61F8D35126CC6FCA00DF04A2 /* Login */ = {
			isa = PBXGroup;
			children = (
				6155E60F26CC139400078289 /* uMovieTests.swift */,
			);
			path = Login;
			sourceTree = "<group>";
		};
		9D05F2202DD07546E53C643B /* Frameworks */ = {
			isa = PBXGroup;
			children = (
				9E636327A7618528BEDEE861 /* Pods_uMovie.framework */,
				C29AA45A2448B676B8218B91 /* Pods_uMovieTests.framework */,
			);
			name = Frameworks;
			sourceTree = "<group>";
		};
		AD4364864A2D1A1477AA1556 /* Pods */ = {
			isa = PBXGroup;
			children = (
				377A21C533868BC78094D19D /* Pods-uMovie.debug.xcconfig */,
				A3848F22310F281EAB021FC7 /* Pods-uMovie.release.xcconfig */,
				87E50DA0AD8FF654ECEC9104 /* Pods-uMovieTests.debug.xcconfig */,
				D57F33D00FAA4995D9C7E9DF /* Pods-uMovieTests.release.xcconfig */,
			);
			path = Pods;
			sourceTree = "<group>";
		};
/* End PBXGroup section */

/* Begin PBXNativeTarget section */
		6155E5F426CC139300078289 /* uMovie */ = {
			isa = PBXNativeTarget;
			buildConfigurationList = 6155E61F26CC139400078289 /* Build configuration list for PBXNativeTarget "uMovie" */;
			buildPhases = (
				D11C280496DB6754A6F2AE83 /* [CP] Check Pods Manifest.lock */,
				6155E5F126CC139300078289 /* Sources */,
				6155E5F226CC139300078289 /* Frameworks */,
				6155E5F326CC139300078289 /* Resources */,
				D1DB38A341E40F7529E93CE8 /* [CP] Embed Pods Frameworks */,
				6187232B26CD9D1C00BE2EA3 /* SwiftLint */,
				61AD0DC126CEB07B00E50DA4 /* SwiftGen */,
			);
			buildRules = (
			);
			dependencies = (
			);
			name = uMovie;
			productName = uMovie;
			productReference = 6155E5F526CC139300078289 /* uMovie.app */;
			productType = "com.apple.product-type.application";
		};
		6155E60A26CC139400078289 /* uMovieTests */ = {
			isa = PBXNativeTarget;
			buildConfigurationList = 6155E62226CC139400078289 /* Build configuration list for PBXNativeTarget "uMovieTests" */;
			buildPhases = (
				E70029ED403088FFDF1DE048 /* [CP] Check Pods Manifest.lock */,
				6155E60726CC139400078289 /* Sources */,
				6155E60826CC139400078289 /* Frameworks */,
				6155E60926CC139400078289 /* Resources */,
			);
			buildRules = (
			);
			dependencies = (
				6155E60D26CC139400078289 /* PBXTargetDependency */,
			);
			name = uMovieTests;
			productName = uMovieTests;
			productReference = 6155E60B26CC139400078289 /* uMovieTests.xctest */;
			productType = "com.apple.product-type.bundle.unit-test";
		};
/* End PBXNativeTarget section */

/* Begin PBXProject section */
		6155E5ED26CC139300078289 /* Project object */ = {
			isa = PBXProject;
			attributes = {
				LastSwiftUpdateCheck = 1250;
				LastUpgradeCheck = 1250;
				TargetAttributes = {
					6155E5F426CC139300078289 = {
						CreatedOnToolsVersion = 12.5.1;
					};
					6155E60A26CC139400078289 = {
						CreatedOnToolsVersion = 12.5.1;
						TestTargetID = 6155E5F426CC139300078289;
					};
				};
			};
			buildConfigurationList = 6155E5F026CC139300078289 /* Build configuration list for PBXProject "uMovie" */;
			compatibilityVersion = "Xcode 9.3";
			developmentRegion = en;
			hasScannedForEncodings = 0;
			knownRegions = (
				en,
				Base,
			);
			mainGroup = 6155E5EC26CC139300078289;
			productRefGroup = 6155E5F626CC139300078289 /* Products */;
			projectDirPath = "";
			projectRoot = "";
			targets = (
				6155E5F426CC139300078289 /* uMovie */,
				6155E60A26CC139400078289 /* uMovieTests */,
			);
		};
/* End PBXProject section */

/* Begin PBXResourcesBuildPhase section */
		6155E5F326CC139300078289 /* Resources */ = {
			isa = PBXResourcesBuildPhase;
			buildActionMask = 2147483647;
			files = (
				6155E60526CC139400078289 /* LaunchScreen.storyboard in Resources */,
				61C15EC926CEC65B00162D38 /* Colors.xcassets in Resources */,
				6155E60226CC139400078289 /* Assets.xcassets in Resources */,
				6106690726CEBEC100F0E6F1 /* swiftgen.yml in Resources */,
			);
			runOnlyForDeploymentPostprocessing = 0;
		};
		6155E60926CC139400078289 /* Resources */ = {
			isa = PBXResourcesBuildPhase;
			buildActionMask = 2147483647;
			files = (
			);
			runOnlyForDeploymentPostprocessing = 0;
		};
/* End PBXResourcesBuildPhase section */

/* Begin PBXShellScriptBuildPhase section */
		6187232B26CD9D1C00BE2EA3 /* SwiftLint */ = {
			isa = PBXShellScriptBuildPhase;
			buildActionMask = 2147483647;
			files = (
			);
			inputFileListPaths = (
			);
			inputPaths = (
			);
			name = SwiftLint;
			outputFileListPaths = (
			);
			outputPaths = (
			);
			runOnlyForDeploymentPostprocessing = 0;
			shellPath = /bin/sh;
			shellScript = "if which swiftlint >/dev/null; then\n    swiftlint\nelse\n    echo \"warning: SwiftLint not installed, download from https://github.com/realm/SwiftLint\"\nfi\n";
		};
		61AD0DC126CEB07B00E50DA4 /* SwiftGen */ = {
			isa = PBXShellScriptBuildPhase;
			buildActionMask = 2147483647;
			files = (
			);
			inputFileListPaths = (
			);
			inputPaths = (
			);
			name = SwiftGen;
			outputFileListPaths = (
			);
			outputPaths = (
			);
			runOnlyForDeploymentPostprocessing = 0;
			shellPath = /bin/sh;
			shellScript = "if [[ -f \"${PODS_ROOT}/SwiftGen/bin/swiftgen\" ]]; then\n  \"${PODS_ROOT}/SwiftGen/bin/swiftgen\"\nelse\n  echo \"warning: SwiftGen is not installed. Run 'pod install --repo-update' to install it.\"\nfi\n";
		};
		D11C280496DB6754A6F2AE83 /* [CP] Check Pods Manifest.lock */ = {
			isa = PBXShellScriptBuildPhase;
			buildActionMask = 2147483647;
			files = (
			);
			inputFileListPaths = (
			);
			inputPaths = (
				"${PODS_PODFILE_DIR_PATH}/Podfile.lock",
				"${PODS_ROOT}/Manifest.lock",
			);
			name = "[CP] Check Pods Manifest.lock";
			outputFileListPaths = (
			);
			outputPaths = (
				"$(DERIVED_FILE_DIR)/Pods-uMovie-checkManifestLockResult.txt",
			);
			runOnlyForDeploymentPostprocessing = 0;
			shellPath = /bin/sh;
			shellScript = "diff \"${PODS_PODFILE_DIR_PATH}/Podfile.lock\" \"${PODS_ROOT}/Manifest.lock\" > /dev/null\nif [ $? != 0 ] ; then\n    # print error to STDERR\n    echo \"error: The sandbox is not in sync with the Podfile.lock. Run 'pod install' or update your CocoaPods installation.\" >&2\n    exit 1\nfi\n# This output is used by Xcode 'outputs' to avoid re-running this script phase.\necho \"SUCCESS\" > \"${SCRIPT_OUTPUT_FILE_0}\"\n";
			showEnvVarsInLog = 0;
		};
		D1DB38A341E40F7529E93CE8 /* [CP] Embed Pods Frameworks */ = {
			isa = PBXShellScriptBuildPhase;
			buildActionMask = 2147483647;
			files = (
			);
			inputFileListPaths = (
				"${PODS_ROOT}/Target Support Files/Pods-uMovie/Pods-uMovie-frameworks-${CONFIGURATION}-input-files.xcfilelist",
			);
			name = "[CP] Embed Pods Frameworks";
			outputFileListPaths = (
				"${PODS_ROOT}/Target Support Files/Pods-uMovie/Pods-uMovie-frameworks-${CONFIGURATION}-output-files.xcfilelist",
			);
			runOnlyForDeploymentPostprocessing = 0;
			shellPath = /bin/sh;
			shellScript = "\"${PODS_ROOT}/Target Support Files/Pods-uMovie/Pods-uMovie-frameworks.sh\"\n";
			showEnvVarsInLog = 0;
		};
		E70029ED403088FFDF1DE048 /* [CP] Check Pods Manifest.lock */ = {
			isa = PBXShellScriptBuildPhase;
			buildActionMask = 2147483647;
			files = (
			);
			inputFileListPaths = (
			);
			inputPaths = (
				"${PODS_PODFILE_DIR_PATH}/Podfile.lock",
				"${PODS_ROOT}/Manifest.lock",
			);
			name = "[CP] Check Pods Manifest.lock";
			outputFileListPaths = (
			);
			outputPaths = (
				"$(DERIVED_FILE_DIR)/Pods-uMovieTests-checkManifestLockResult.txt",
			);
			runOnlyForDeploymentPostprocessing = 0;
			shellPath = /bin/sh;
			shellScript = "diff \"${PODS_PODFILE_DIR_PATH}/Podfile.lock\" \"${PODS_ROOT}/Manifest.lock\" > /dev/null\nif [ $? != 0 ] ; then\n    # print error to STDERR\n    echo \"error: The sandbox is not in sync with the Podfile.lock. Run 'pod install' or update your CocoaPods installation.\" >&2\n    exit 1\nfi\n# This output is used by Xcode 'outputs' to avoid re-running this script phase.\necho \"SUCCESS\" > \"${SCRIPT_OUTPUT_FILE_0}\"\n";
			showEnvVarsInLog = 0;
		};
/* End PBXShellScriptBuildPhase section */

/* Begin PBXSourcesBuildPhase section */
		6155E5F126CC139300078289 /* Sources */ = {
			isa = PBXSourcesBuildPhase;
			buildActionMask = 2147483647;
			files = (
				6187232626CD782000BE2EA3 /* LoginView.swift in Sources */,
				6155E5F926CC139300078289 /* AppDelegate.swift in Sources */,
				613B0A2626CDF9B100451BA2 /* SwiftGenUtils.swift in Sources */,
				613B0A2426CDADC400451BA2 /* LoginFactory.swift in Sources */,
				6194955026CE08AD00FA7A2D /* UIColorExtension.swift in Sources */,
				613B0A2226CDA75900451BA2 /* LoginViewController.swift in Sources */,
				61C15EC726CEC46E00162D38 /* Assets.swift in Sources */,
			);
			runOnlyForDeploymentPostprocessing = 0;
		};
		6155E60726CC139400078289 /* Sources */ = {
			isa = PBXSourcesBuildPhase;
			buildActionMask = 2147483647;
			files = (
				6155E61026CC139400078289 /* uMovieTests.swift in Sources */,
			);
			runOnlyForDeploymentPostprocessing = 0;
		};
/* End PBXSourcesBuildPhase section */

/* Begin PBXTargetDependency section */
		6155E60D26CC139400078289 /* PBXTargetDependency */ = {
			isa = PBXTargetDependency;
			target = 6155E5F426CC139300078289 /* uMovie */;
			targetProxy = 6155E60C26CC139400078289 /* PBXContainerItemProxy */;
		};
/* End PBXTargetDependency section */

/* Begin PBXVariantGroup section */
		6155E60326CC139400078289 /* LaunchScreen.storyboard */ = {
			isa = PBXVariantGroup;
			children = (
				6155E60426CC139400078289 /* Base */,
			);
			name = LaunchScreen.storyboard;
			sourceTree = "<group>";
		};
/* End PBXVariantGroup section */

/* Begin XCBuildConfiguration section */
		6155E61D26CC139400078289 /* Debug */ = {
			isa = XCBuildConfiguration;
			buildSettings = {
				ALWAYS_SEARCH_USER_PATHS = NO;
				CLANG_ANALYZER_NONNULL = YES;
				CLANG_ANALYZER_NUMBER_OBJECT_CONVERSION = YES_AGGRESSIVE;
				CLANG_CXX_LANGUAGE_STANDARD = "gnu++14";
				CLANG_CXX_LIBRARY = "libc++";
				CLANG_ENABLE_MODULES = YES;
				CLANG_ENABLE_OBJC_ARC = YES;
				CLANG_ENABLE_OBJC_WEAK = YES;
				CLANG_WARN_BLOCK_CAPTURE_AUTORELEASING = YES;
				CLANG_WARN_BOOL_CONVERSION = YES;
				CLANG_WARN_COMMA = YES;
				CLANG_WARN_CONSTANT_CONVERSION = YES;
				CLANG_WARN_DEPRECATED_OBJC_IMPLEMENTATIONS = YES;
				CLANG_WARN_DIRECT_OBJC_ISA_USAGE = YES_ERROR;
				CLANG_WARN_DOCUMENTATION_COMMENTS = YES;
				CLANG_WARN_EMPTY_BODY = YES;
				CLANG_WARN_ENUM_CONVERSION = YES;
				CLANG_WARN_INFINITE_RECURSION = YES;
				CLANG_WARN_INT_CONVERSION = YES;
				CLANG_WARN_NON_LITERAL_NULL_CONVERSION = YES;
				CLANG_WARN_OBJC_IMPLICIT_RETAIN_SELF = YES;
				CLANG_WARN_OBJC_LITERAL_CONVERSION = YES;
				CLANG_WARN_OBJC_ROOT_CLASS = YES_ERROR;
				CLANG_WARN_QUOTED_INCLUDE_IN_FRAMEWORK_HEADER = YES;
				CLANG_WARN_RANGE_LOOP_ANALYSIS = YES;
				CLANG_WARN_STRICT_PROTOTYPES = YES;
				CLANG_WARN_SUSPICIOUS_MOVE = YES;
				CLANG_WARN_UNGUARDED_AVAILABILITY = YES_AGGRESSIVE;
				CLANG_WARN_UNREACHABLE_CODE = YES;
				CLANG_WARN__DUPLICATE_METHOD_MATCH = YES;
				COPY_PHASE_STRIP = NO;
				DEBUG_INFORMATION_FORMAT = dwarf;
				ENABLE_STRICT_OBJC_MSGSEND = YES;
				ENABLE_TESTABILITY = YES;
				GCC_C_LANGUAGE_STANDARD = gnu11;
				GCC_DYNAMIC_NO_PIC = NO;
				GCC_NO_COMMON_BLOCKS = YES;
				GCC_OPTIMIZATION_LEVEL = 0;
				GCC_PREPROCESSOR_DEFINITIONS = (
					"DEBUG=1",
					"$(inherited)",
				);
				GCC_WARN_64_TO_32_BIT_CONVERSION = YES;
				GCC_WARN_ABOUT_RETURN_TYPE = YES_ERROR;
				GCC_WARN_UNDECLARED_SELECTOR = YES;
				GCC_WARN_UNINITIALIZED_AUTOS = YES_AGGRESSIVE;
				GCC_WARN_UNUSED_FUNCTION = YES;
				GCC_WARN_UNUSED_VARIABLE = YES;
				IPHONEOS_DEPLOYMENT_TARGET = 13.0;
				MTL_ENABLE_DEBUG_INFO = INCLUDE_SOURCE;
				MTL_FAST_MATH = YES;
				ONLY_ACTIVE_ARCH = YES;
				SDKROOT = iphoneos;
				SWIFT_ACTIVE_COMPILATION_CONDITIONS = DEBUG;
				SWIFT_OPTIMIZATION_LEVEL = "-Onone";
			};
			name = Debug;
		};
		6155E61E26CC139400078289 /* Release */ = {
			isa = XCBuildConfiguration;
			buildSettings = {
				ALWAYS_SEARCH_USER_PATHS = NO;
				CLANG_ANALYZER_NONNULL = YES;
				CLANG_ANALYZER_NUMBER_OBJECT_CONVERSION = YES_AGGRESSIVE;
				CLANG_CXX_LANGUAGE_STANDARD = "gnu++14";
				CLANG_CXX_LIBRARY = "libc++";
				CLANG_ENABLE_MODULES = YES;
				CLANG_ENABLE_OBJC_ARC = YES;
				CLANG_ENABLE_OBJC_WEAK = YES;
				CLANG_WARN_BLOCK_CAPTURE_AUTORELEASING = YES;
				CLANG_WARN_BOOL_CONVERSION = YES;
				CLANG_WARN_COMMA = YES;
				CLANG_WARN_CONSTANT_CONVERSION = YES;
				CLANG_WARN_DEPRECATED_OBJC_IMPLEMENTATIONS = YES;
				CLANG_WARN_DIRECT_OBJC_ISA_USAGE = YES_ERROR;
				CLANG_WARN_DOCUMENTATION_COMMENTS = YES;
				CLANG_WARN_EMPTY_BODY = YES;
				CLANG_WARN_ENUM_CONVERSION = YES;
				CLANG_WARN_INFINITE_RECURSION = YES;
				CLANG_WARN_INT_CONVERSION = YES;
				CLANG_WARN_NON_LITERAL_NULL_CONVERSION = YES;
				CLANG_WARN_OBJC_IMPLICIT_RETAIN_SELF = YES;
				CLANG_WARN_OBJC_LITERAL_CONVERSION = YES;
				CLANG_WARN_OBJC_ROOT_CLASS = YES_ERROR;
				CLANG_WARN_QUOTED_INCLUDE_IN_FRAMEWORK_HEADER = YES;
				CLANG_WARN_RANGE_LOOP_ANALYSIS = YES;
				CLANG_WARN_STRICT_PROTOTYPES = YES;
				CLANG_WARN_SUSPICIOUS_MOVE = YES;
				CLANG_WARN_UNGUARDED_AVAILABILITY = YES_AGGRESSIVE;
				CLANG_WARN_UNREACHABLE_CODE = YES;
				CLANG_WARN__DUPLICATE_METHOD_MATCH = YES;
				COPY_PHASE_STRIP = NO;
				DEBUG_INFORMATION_FORMAT = "dwarf-with-dsym";
				ENABLE_NS_ASSERTIONS = NO;
				ENABLE_STRICT_OBJC_MSGSEND = YES;
				GCC_C_LANGUAGE_STANDARD = gnu11;
				GCC_NO_COMMON_BLOCKS = YES;
				GCC_WARN_64_TO_32_BIT_CONVERSION = YES;
				GCC_WARN_ABOUT_RETURN_TYPE = YES_ERROR;
				GCC_WARN_UNDECLARED_SELECTOR = YES;
				GCC_WARN_UNINITIALIZED_AUTOS = YES_AGGRESSIVE;
				GCC_WARN_UNUSED_FUNCTION = YES;
				GCC_WARN_UNUSED_VARIABLE = YES;
				IPHONEOS_DEPLOYMENT_TARGET = 13.0;
				MTL_ENABLE_DEBUG_INFO = NO;
				MTL_FAST_MATH = YES;
				SDKROOT = iphoneos;
				SWIFT_COMPILATION_MODE = wholemodule;
				SWIFT_OPTIMIZATION_LEVEL = "-O";
				VALIDATE_PRODUCT = YES;
			};
			name = Release;
		};
		6155E62026CC139400078289 /* Debug */ = {
			isa = XCBuildConfiguration;
			baseConfigurationReference = 377A21C533868BC78094D19D /* Pods-uMovie.debug.xcconfig */;
			buildSettings = {
				ASSETCATALOG_COMPILER_APPICON_NAME = AppIcon;
				ASSETCATALOG_COMPILER_GLOBAL_ACCENT_COLOR_NAME = AccentColor;
				CODE_SIGN_STYLE = Automatic;
				DEVELOPMENT_TEAM = 4Q582659G6;
				INFOPLIST_FILE = "$(SRCROOT)/uMovie/Resources/SupportingFiles/Info.plist";
				IPHONEOS_DEPLOYMENT_TARGET = 13.0;
				LD_RUNPATH_SEARCH_PATHS = (
					"$(inherited)",
					"@executable_path/Frameworks",
				);
				PRODUCT_BUNDLE_IDENTIFIER = br.com.umoviebrasil.uMovie;
				PRODUCT_NAME = "$(TARGET_NAME)";
				SWIFT_VERSION = 5.0;
				TARGETED_DEVICE_FAMILY = 1;
			};
			name = Debug;
		};
		6155E62126CC139400078289 /* Release */ = {
			isa = XCBuildConfiguration;
			baseConfigurationReference = A3848F22310F281EAB021FC7 /* Pods-uMovie.release.xcconfig */;
			buildSettings = {
				ASSETCATALOG_COMPILER_APPICON_NAME = AppIcon;
				ASSETCATALOG_COMPILER_GLOBAL_ACCENT_COLOR_NAME = AccentColor;
				CODE_SIGN_STYLE = Automatic;
				DEVELOPMENT_TEAM = 4Q582659G6;
				INFOPLIST_FILE = "$(SRCROOT)/uMovie/Resources/SupportingFiles/Info.plist";
				IPHONEOS_DEPLOYMENT_TARGET = 13.0;
				LD_RUNPATH_SEARCH_PATHS = (
					"$(inherited)",
					"@executable_path/Frameworks",
				);
				PRODUCT_BUNDLE_IDENTIFIER = br.com.umoviebrasil.uMovie;
				PRODUCT_NAME = "$(TARGET_NAME)";
				SWIFT_VERSION = 5.0;
				TARGETED_DEVICE_FAMILY = 1;
			};
			name = Release;
		};
		6155E62326CC139400078289 /* Debug */ = {
			isa = XCBuildConfiguration;
			baseConfigurationReference = 87E50DA0AD8FF654ECEC9104 /* Pods-uMovieTests.debug.xcconfig */;
			buildSettings = {
				ALWAYS_EMBED_SWIFT_STANDARD_LIBRARIES = YES;
				BUNDLE_LOADER = "$(TEST_HOST)";
				CODE_SIGN_STYLE = Automatic;
				DEVELOPMENT_TEAM = 4Q582659G6;
				INFOPLIST_FILE = uMovieTests/Info.plist;
				IPHONEOS_DEPLOYMENT_TARGET = 14.5;
				LD_RUNPATH_SEARCH_PATHS = (
					"$(inherited)",
					"@executable_path/Frameworks",
					"@loader_path/Frameworks",
				);
				PRODUCT_BUNDLE_IDENTIFIER = br.com.umoviebrasil.uMovieTests;
				PRODUCT_NAME = "$(TARGET_NAME)";
				SWIFT_VERSION = 5.0;
				TARGETED_DEVICE_FAMILY = "1,2";
				TEST_HOST = "$(BUILT_PRODUCTS_DIR)/uMovie.app/uMovie";
			};
			name = Debug;
		};
		6155E62426CC139400078289 /* Release */ = {
			isa = XCBuildConfiguration;
			baseConfigurationReference = D57F33D00FAA4995D9C7E9DF /* Pods-uMovieTests.release.xcconfig */;
			buildSettings = {
				ALWAYS_EMBED_SWIFT_STANDARD_LIBRARIES = YES;
				BUNDLE_LOADER = "$(TEST_HOST)";
				CODE_SIGN_STYLE = Automatic;
				DEVELOPMENT_TEAM = 4Q582659G6;
				INFOPLIST_FILE = uMovieTests/Info.plist;
				IPHONEOS_DEPLOYMENT_TARGET = 14.5;
				LD_RUNPATH_SEARCH_PATHS = (
					"$(inherited)",
					"@executable_path/Frameworks",
					"@loader_path/Frameworks",
				);
				PRODUCT_BUNDLE_IDENTIFIER = br.com.umoviebrasil.uMovieTests;
				PRODUCT_NAME = "$(TARGET_NAME)";
				SWIFT_VERSION = 5.0;
				TARGETED_DEVICE_FAMILY = "1,2";
				TEST_HOST = "$(BUILT_PRODUCTS_DIR)/uMovie.app/uMovie";
			};
			name = Release;
		};
/* End XCBuildConfiguration section */

/* Begin XCConfigurationList section */
		6155E5F026CC139300078289 /* Build configuration list for PBXProject "uMovie" */ = {
			isa = XCConfigurationList;
			buildConfigurations = (
				6155E61D26CC139400078289 /* Debug */,
				6155E61E26CC139400078289 /* Release */,
			);
			defaultConfigurationIsVisible = 0;
			defaultConfigurationName = Release;
		};
		6155E61F26CC139400078289 /* Build configuration list for PBXNativeTarget "uMovie" */ = {
			isa = XCConfigurationList;
			buildConfigurations = (
				6155E62026CC139400078289 /* Debug */,
				6155E62126CC139400078289 /* Release */,
			);
			defaultConfigurationIsVisible = 0;
			defaultConfigurationName = Release;
		};
		6155E62226CC139400078289 /* Build configuration list for PBXNativeTarget "uMovieTests" */ = {
			isa = XCConfigurationList;
			buildConfigurations = (
				6155E62326CC139400078289 /* Debug */,
				6155E62426CC139400078289 /* Release */,
			);
			defaultConfigurationIsVisible = 0;
			defaultConfigurationName = Release;
		};
/* End XCConfigurationList section */
	};
	rootObject = 6155E5ED26CC139300078289 /* Project object */;
}
